
Microsoft Visual Studio Solution File, Format Version 12.00
# Visual Studio Version 17
VisualStudioVersion = 17.0.31903.59
MinimumVisualStudioVersion = 10.0.40219.1
Project("{2150E333-8FDC-42A3-9474-1A3956D46DE8}") = "src", "src", "{827E0CD3-B72D-47B6-A68D-7590B98EB39B}"
EndProject
Project("{FAE04EC0-301F-11D3-BF4B-00C04F79EFBC}") = "LedgerFlow.Domain", "src\LedgerFlow.Domain\LedgerFlow.Domain.csproj", "{080C1BC6-DFFD-4C11-9A6C-B84F6B43F3F0}"
EndProject
Project("{FAE04EC0-301F-11D3-BF4B-00C04F79EFBC}") = "LedgerFlow.Application", "src\LedgerFlow.Application\LedgerFlow.Application.csproj", "{51390958-68AD-487A-82D1-C141A9006214}"
EndProject
Project("{FAE04EC0-301F-11D3-BF4B-00C04F79EFBC}") = "LedgerFlow.Infrastructure", "src\LedgerFlow.Infrastructure\LedgerFlow.Infrastructure.csproj", "{8630EC6F-4C9A-480D-866F-D8052480381B}"
EndProject
Project("{FAE04EC0-301F-11D3-BF4B-00C04F79EFBC}") = "LedgerFlow.Api", "src\LedgerFlow.Api\LedgerFlow.Api.csproj", "{C81B828A-77AB-47B9-9736-BAB6AB365658}"
EndProject
Project("{FAE04EC0-301F-11D3-BF4B-00C04F79EFBC}") = "LedgerFlow.Worker", "src\LedgerFlow.Worker\LedgerFlow.Worker.csproj", "{0B46C029-5CBF-49AD-97FA-908BCBD8898E}"
EndProject
Project("{2150E333-8FDC-42A3-9474-1A3956D46DE8}") = "tests", "tests", "{0AB3BF05-4346-4AA6-1389-037BE0695223}"
EndProject
Project("{FAE04EC0-301F-11D3-BF4B-00C04F79EFBC}") = "LedgerFlow.Unit", "tests\LedgerFlow.Unit\LedgerFlow.Unit.csproj", "{5B58422A-09F3-42AD-BE11-2B30FA5DB77F}"
EndProject
Project("{FAE04EC0-301F-11D3-BF4B-00C04F79EFBC}") = "LedgerFlow.Integration", "tests\LedgerFlow.Integration\LedgerFlow.Integration.csproj", "{183DB0C2-1BCB-4032-ABCF-7B6D09F0731A}"
EndProject
Global
	GlobalSection(SolutionConfigurationPlatforms) = preSolution
		Debug|Any CPU = Debug|Any CPU
		Debug|x64 = Debug|x64
		Debug|x86 = Debug|x86
		Release|Any CPU = Release|Any CPU
		Release|x64 = Release|x64
		Release|x86 = Release|x86
	EndGlobalSection
	GlobalSection(ProjectConfigurationPlatforms) = postSolution
		{080C1BC6-DFFD-4C11-9A6C-B84F6B43F3F0}.Debug|Any CPU.ActiveCfg = Debug|Any CPU
		{080C1BC6-DFFD-4C11-9A6C-B84F6B43F3F0}.Debug|Any CPU.Build.0 = Debug|Any CPU
		{080C1BC6-DFFD-4C11-9A6C-B84F6B43F3F0}.Debug|x64.ActiveCfg = Debug|Any CPU
		{080C1BC6-DFFD-4C11-9A6C-B84F6B43F3F0}.Debug|x64.Build.0 = Debug|Any CPU
		{080C1BC6-DFFD-4C11-9A6C-B84F6B43F3F0}.Debug|x86.ActiveCfg = Debug|Any CPU
		{080C1BC6-DFFD-4C11-9A6C-B84F6B43F3F0}.Debug|x86.Build.0 = Debug|Any CPU
		{080C1BC6-DFFD-4C11-9A6C-B84F6B43F3F0}.Release|Any CPU.ActiveCfg = Release|Any CPU
		{080C1BC6-DFFD-4C11-9A6C-B84F6B43F3F0}.Release|Any CPU.Build.0 = Release|Any CPU
		{080C1BC6-DFFD-4C11-9A6C-B84F6B43F3F0}.Release|x64.ActiveCfg = Release|Any CPU
		{080C1BC6-DFFD-4C11-9A6C-B84F6B43F3F0}.Release|x64.Build.0 = Release|Any CPU
		{080C1BC6-DFFD-4C11-9A6C-B84F6B43F3F0}.Release|x86.ActiveCfg = Release|Any CPU
		{080C1BC6-DFFD-4C11-9A6C-B84F6B43F3F0}.Release|x86.Build.0 = Release|Any CPU
		{51390958-68AD-487A-82D1-C141A9006214}.Debug|Any CPU.ActiveCfg = Debug|Any CPU
		{51390958-68AD-487A-82D1-C141A9006214}.Debug|Any CPU.Build.0 = Debug|Any CPU
		{51390958-68AD-487A-82D1-C141A9006214}.Debug|x64.ActiveCfg = Debug|Any CPU
		{51390958-68AD-487A-82D1-C141A9006214}.Debug|x64.Build.0 = Debug|Any CPU
		{51390958-68AD-487A-82D1-C141A9006214}.Debug|x86.ActiveCfg = Debug|Any CPU
		{51390958-68AD-487A-82D1-C141A9006214}.Debug|x86.Build.0 = Debug|Any CPU
		{51390958-68AD-487A-82D1-C141A9006214}.Release|Any CPU.ActiveCfg = Release|Any CPU
		{51390958-68AD-487A-82D1-C141A9006214}.Release|Any CPU.Build.0 = Release|Any CPU
		{51390958-68AD-487A-82D1-C141A9006214}.Release|x64.ActiveCfg = Release|Any CPU
		{51390958-68AD-487A-82D1-C141A9006214}.Release|x64.Build.0 = Release|Any CPU
		{51390958-68AD-487A-82D1-C141A9006214}.Release|x86.ActiveCfg = Release|Any CPU
		{51390958-68AD-487A-82D1-C141A9006214}.Release|x86.Build.0 = Release|Any CPU
		{8630EC6F-4C9A-480D-866F-D8052480381B}.Debug|Any CPU.ActiveCfg = Debug|Any CPU
		{8630EC6F-4C9A-480D-866F-D8052480381B}.Debug|Any CPU.Build.0 = Debug|Any CPU
		{8630EC6F-4C9A-480D-866F-D8052480381B}.Debug|x64.ActiveCfg = Debug|Any CPU
		{8630EC6F-4C9A-480D-866F-D8052480381B}.Debug|x64.Build.0 = Debug|Any CPU
		{8630EC6F-4C9A-480D-866F-D8052480381B}.Debug|x86.ActiveCfg = Debug|Any CPU
		{8630EC6F-4C9A-480D-866F-D8052480381B}.Debug|x86.Build.0 = Debug|Any CPU
		{8630EC6F-4C9A-480D-866F-D8052480381B}.Release|Any CPU.ActiveCfg = Release|Any CPU
		{8630EC6F-4C9A-480D-866F-D8052480381B}.Release|Any CPU.Build.0 = Release|Any CPU
		{8630EC6F-4C9A-480D-866F-D8052480381B}.Release|x64.ActiveCfg = Release|Any CPU
		{8630EC6F-4C9A-480D-866F-D8052480381B}.Release|x64.Build.0 = Release|Any CPU
		{8630EC6F-4C9A-480D-866F-D8052480381B}.Release|x86.ActiveCfg = Release|Any CPU
		{8630EC6F-4C9A-480D-866F-D8052480381B}.Release|x86.Build.0 = Release|Any CPU
		{C81B828A-77AB-47B9-9736-BAB6AB365658}.Debug|Any CPU.ActiveCfg = Debug|Any CPU
		{C81B828A-77AB-47B9-9736-BAB6AB365658}.Debug|Any CPU.Build.0 = Debug|Any CPU
		{C81B828A-77AB-47B9-9736-BAB6AB365658}.Debug|x64.ActiveCfg = Debug|Any CPU
		{C81B828A-77AB-47B9-9736-BAB6AB365658}.Debug|x64.Build.0 = Debug|Any CPU
		{C81B828A-77AB-47B9-9736-BAB6AB365658}.Debug|x86.ActiveCfg = Debug|Any CPU
		{C81B828A-77AB-47B9-9736-BAB6AB365658}.Debug|x86.Build.0 = Debug|Any CPU
		{C81B828A-77AB-47B9-9736-BAB6AB365658}.Release|Any CPU.ActiveCfg = Release|Any CPU
		{C81B828A-77AB-47B9-9736-BAB6AB365658}.Release|Any CPU.Build.0 = Release|Any CPU
		{C81B828A-77AB-47B9-9736-BAB6AB365658}.Release|x64.ActiveCfg = Release|Any CPU
		{C81B828A-77AB-47B9-9736-BAB6AB365658}.Release|x64.Build.0 = Release|Any CPU
		{C81B828A-77AB-47B9-9736-BAB6AB365658}.Release|x86.ActiveCfg = Release|Any CPU
		{C81B828A-77AB-47B9-9736-BAB6AB365658}.Release|x86.Build.0 = Release|Any CPU
		{0B46C029-5CBF-49AD-97FA-908BCBD8898E}.Debug|Any CPU.ActiveCfg = Debug|Any CPU
		{0B46C029-5CBF-49AD-97FA-908BCBD8898E}.Debug|Any CPU.Build.0 = Debug|Any CPU
		{0B46C029-5CBF-49AD-97FA-908BCBD8898E}.Debug|x64.ActiveCfg = Debug|Any CPU
		{0B46C029-5CBF-49AD-97FA-908BCBD8898E}.Debug|x64.Build.0 = Debug|Any CPU
		{0B46C029-5CBF-49AD-97FA-908BCBD8898E}.Debug|x86.ActiveCfg = Debug|Any CPU
		{0B46C029-5CBF-49AD-97FA-908BCBD8898E}.Debug|x86.Build.0 = Debug|Any CPU
		{0B46C029-5CBF-49AD-97FA-908BCBD8898E}.Release|Any CPU.ActiveCfg = Release|Any CPU
		{0B46C029-5CBF-49AD-97FA-908BCBD8898E}.Release|Any CPU.Build.0 = Release|Any CPU
		{0B46C029-5CBF-49AD-97FA-908BCBD8898E}.Release|x64.ActiveCfg = Release|Any CPU
		{0B46C029-5CBF-49AD-97FA-908BCBD8898E}.Release|x64.Build.0 = Release|Any CPU
		{0B46C029-5CBF-49AD-97FA-908BCBD8898E}.Release|x86.ActiveCfg = Release|Any CPU
		{0B46C029-5CBF-49AD-97FA-908BCBD8898E}.Release|x86.Build.0 = Release|Any CPU
		{5B58422A-09F3-42AD-BE11-2B30FA5DB77F}.Debug|Any CPU.ActiveCfg = Debug|Any CPU
		{5B58422A-09F3-42AD-BE11-2B30FA5DB77F}.Debug|Any CPU.Build.0 = Debug|Any CPU
		{5B58422A-09F3-42AD-BE11-2B30FA5DB77F}.Debug|x64.ActiveCfg = Debug|Any CPU
		{5B58422A-09F3-42AD-BE11-2B30FA5DB77F}.Debug|x64.Build.0 = Debug|Any CPU
		{5B58422A-09F3-42AD-BE11-2B30FA5DB77F}.Debug|x86.ActiveCfg = Debug|Any CPU
		{5B58422A-09F3-42AD-BE11-2B30FA5DB77F}.Debug|x86.Build.0 = Debug|Any CPU
		{5B58422A-09F3-42AD-BE11-2B30FA5DB77F}.Release|Any CPU.ActiveCfg = Release|Any CPU
		{5B58422A-09F3-42AD-BE11-2B30FA5DB77F}.Release|Any CPU.Build.0 = Release|Any CPU
		{5B58422A-09F3-42AD-BE11-2B30FA5DB77F}.Release|x64.ActiveCfg = Release|Any CPU
		{5B58422A-09F3-42AD-BE11-2B30FA5DB77F}.Release|x64.Build.0 = Release|Any CPU
		{5B58422A-09F3-42AD-BE11-2B30FA5DB77F}.Release|x86.ActiveCfg = Release|Any CPU
		{5B58422A-09F3-42AD-BE11-2B30FA5DB77F}.Release|x86.Build.0 = Release|Any CPU
		{183DB0C2-1BCB-4032-ABCF-7B6D09F0731A}.Debug|Any CPU.ActiveCfg = Debug|Any CPU
		{183DB0C2-1BCB-4032-ABCF-7B6D09F0731A}.Debug|Any CPU.Build.0 = Debug|Any CPU
		{183DB0C2-1BCB-4032-ABCF-7B6D09F0731A}.Debug|x64.ActiveCfg = Debug|Any CPU
		{183DB0C2-1BCB-4032-ABCF-7B6D09F0731A}.Debug|x64.Build.0 = Debug|Any CPU
		{183DB0C2-1BCB-4032-ABCF-7B6D09F0731A}.Debug|x86.ActiveCfg = Debug|Any CPU
		{183DB0C2-1BCB-4032-ABCF-7B6D09F0731A}.Debug|x86.Build.0 = Debug|Any CPU
		{183DB0C2-1BCB-4032-ABCF-7B6D09F0731A}.Release|Any CPU.ActiveCfg = Release|Any CPU
		{183DB0C2-1BCB-4032-ABCF-7B6D09F0731A}.Release|Any CPU.Build.0 = Release|Any CPU
		{183DB0C2-1BCB-4032-ABCF-7B6D09F0731A}.Release|x64.ActiveCfg = Release|Any CPU
		{183DB0C2-1BCB-4032-ABCF-7B6D09F0731A}.Release|x64.Build.0 = Release|Any CPU
		{183DB0C2-1BCB-4032-ABCF-7B6D09F0731A}.Release|x86.ActiveCfg = Release|Any CPU
		{183DB0C2-1BCB-4032-ABCF-7B6D09F0731A}.Release|x86.Build.0 = Release|Any CPU
	EndGlobalSection
	GlobalSection(SolutionProperties) = preSolution
		HideSolutionNode = FALSE
	EndGlobalSection
	GlobalSection(NestedProjects) = preSolution
		{080C1BC6-DFFD-4C11-9A6C-B84F6B43F3F0} = {827E0CD3-B72D-47B6-A68D-7590B98EB39B}
		{51390958-68AD-487A-82D1-C141A9006214} = {827E0CD3-B72D-47B6-A68D-7590B98EB39B}
		{8630EC6F-4C9A-480D-866F-D8052480381B} = {827E0CD3-B72D-47B6-A68D-7590B98EB39B}
		{C81B828A-77AB-47B9-9736-BAB6AB365658} = {827E0CD3-B72D-47B6-A68D-7590B98EB39B}
		{0B46C029-5CBF-49AD-97FA-908BCBD8898E} = {827E0CD3-B72D-47B6-A68D-7590B98EB39B}
		{5B58422A-09F3-42AD-BE11-2B30FA5DB77F} = {0AB3BF05-4346-4AA6-1389-037BE0695223}
		{183DB0C2-1BCB-4032-ABCF-7B6D09F0731A} = {0AB3BF05-4346-4AA6-1389-037BE0695223}
	EndGlobalSection
EndGlobal
